
Microsoft Visual Studio Solution File, Format Version 12.00
# Visual Studio 15
VisualStudioVersion = 15.0.28010.2046
MinimumVisualStudioVersion = 10.0.40219.1
Project("{FAE04EC0-301F-11D3-BF4B-00C04F79EFBC}") = "WindowsFormsApplication1", "WindowsFormsApplication1\WindowsFormsApplication1.csproj", "{F615C8F0-5250-41BE-9814-331564FE417D}"
EndProject
Project("{FAE04EC0-301F-11D3-BF4B-00C04F79EFBC}") = "Presenters", "Presenters\Presenters.csproj", "{A92883A7-CAF5-4D05-97A5-EE8B7B06B074}"
EndProject
Project("{FAE04EC0-301F-11D3-BF4B-00C04F79EFBC}") = "Servises", "Servises\Servises.csproj", "{F27585D9-F4B7-4F1F-894C-7299D8BA941D}"
EndProject
Project("{FAE04EC0-301F-11D3-BF4B-00C04F79EFBC}") = "IServices", "IServices\IServices.csproj", "{D429771D-71D8-4F57-8331-09C94696C9A2}"
EndProject
Project("{FAE04EC0-301F-11D3-BF4B-00C04F79EFBC}") = "Repositories", "Repositories\Repositories.csproj", "{1FEED7D9-57CE-4A86-944A-5A42C74E6738}"
EndProject
Project("{FAE04EC0-301F-11D3-BF4B-00C04F79EFBC}") = "IRepositories", "IRepositories\IRepositories.csproj", "{85883B86-19DD-4657-B33F-60DD59B1F530}"
EndProject
Project("{FAE04EC0-301F-11D3-BF4B-00C04F79EFBC}") = "Entities", "Entities\Entities.csproj", "{894A048C-F0D1-4632-9EF2-34F7517D051B}"
EndProject
Global
	GlobalSection(SolutionConfigurationPlatforms) = preSolution
		Debug|Any CPU = Debug|Any CPU
		Release|Any CPU = Release|Any CPU
	EndGlobalSection
	GlobalSection(ProjectConfigurationPlatforms) = postSolution
		{F615C8F0-5250-41BE-9814-331564FE417D}.Debug|Any CPU.ActiveCfg = Debug|Any CPU
		{F615C8F0-5250-41BE-9814-331564FE417D}.Debug|Any CPU.Build.0 = Debug|Any CPU
		{F615C8F0-5250-41BE-9814-331564FE417D}.Release|Any CPU.ActiveCfg = Release|Any CPU
		{F615C8F0-5250-41BE-9814-331564FE417D}.Release|Any CPU.Build.0 = Release|Any CPU
		{A92883A7-CAF5-4D05-97A5-EE8B7B06B074}.Debug|Any CPU.ActiveCfg = Debug|Any CPU
		{A92883A7-CAF5-4D05-97A5-EE8B7B06B074}.Debug|Any CPU.Build.0 = Debug|Any CPU
		{A92883A7-CAF5-4D05-97A5-EE8B7B06B074}.Release|Any CPU.ActiveCfg = Release|Any CPU
		{A92883A7-CAF5-4D05-97A5-EE8B7B06B074}.Release|Any CPU.Build.0 = Release|Any CPU
		{F27585D9-F4B7-4F1F-894C-7299D8BA941D}.Debug|Any CPU.ActiveCfg = Debug|Any CPU
		{F27585D9-F4B7-4F1F-894C-7299D8BA941D}.Debug|Any CPU.Build.0 = Debug|Any CPU
		{F27585D9-F4B7-4F1F-894C-7299D8BA941D}.Release|Any CPU.ActiveCfg = Release|Any CPU
		{F27585D9-F4B7-4F1F-894C-7299D8BA941D}.Release|Any CPU.Build.0 = Release|Any CPU
		{D429771D-71D8-4F57-8331-09C94696C9A2}.Debug|Any CPU.ActiveCfg = Debug|Any CPU
		{D429771D-71D8-4F57-8331-09C94696C9A2}.Debug|Any CPU.Build.0 = Debug|Any CPU
		{D429771D-71D8-4F57-8331-09C94696C9A2}.Release|Any CPU.ActiveCfg = Release|Any CPU
		{D429771D-71D8-4F57-8331-09C94696C9A2}.Release|Any CPU.Build.0 = Release|Any CPU
		{1FEED7D9-57CE-4A86-944A-5A42C74E6738}.Debug|Any CPU.ActiveCfg = Debug|Any CPU
		{1FEED7D9-57CE-4A86-944A-5A42C74E6738}.Debug|Any CPU.Build.0 = Debug|Any CPU
		{1FEED7D9-57CE-4A86-944A-5A42C74E6738}.Release|Any CPU.ActiveCfg = Release|Any CPU
		{1FEED7D9-57CE-4A86-944A-5A42C74E6738}.Release|Any CPU.Build.0 = Release|Any CPU
		{85883B86-19DD-4657-B33F-60DD59B1F530}.Debug|Any CPU.ActiveCfg = Debug|Any CPU
		{85883B86-19DD-4657-B33F-60DD59B1F530}.Debug|Any CPU.Build.0 = Debug|Any CPU
		{85883B86-19DD-4657-B33F-60DD59B1F530}.Release|Any CPU.ActiveCfg = Release|Any CPU
		{85883B86-19DD-4657-B33F-60DD59B1F530}.Release|Any CPU.Build.0 = Release|Any CPU
		{894A048C-F0D1-4632-9EF2-34F7517D051B}.Debug|Any CPU.ActiveCfg = Debug|Any CPU
		{894A048C-F0D1-4632-9EF2-34F7517D051B}.Debug|Any CPU.Build.0 = Debug|Any CPU
		{894A048C-F0D1-4632-9EF2-34F7517D051B}.Release|Any CPU.ActiveCfg = Release|Any CPU
		{894A048C-F0D1-4632-9EF2-34F7517D051B}.Release|Any CPU.Build.0 = Release|Any CPU
	EndGlobalSection
	GlobalSection(SolutionProperties) = preSolution
		HideSolutionNode = FALSE
	EndGlobalSection
	GlobalSection(ExtensibilityGlobals) = postSolution
		SolutionGuid = {66821F44-2439-40DC-B716-7578BF02DBD4}
	EndGlobalSection
EndGlobal
